# THIS IS AN AUTOGENERATED FILE. DO NOT EDIT THIS FILE DIRECTLY.
# yarn lockfile v1


chatgpt@^4.2.0:
  version "4.2.0"
  resolved "https://registry.yarnpkg.com/chatgpt/-/chatgpt-4.2.0.tgz#1b73cb0abadf0071c49bd2060f83458dc9a49000"
  integrity sha512-HYQ65GCa8PGtmmUB+XSAa17/IKTy/EEj8QU9HGU8UAsGBtKZushiozC0JpNcTyG+ivpuwzdduXJyL6ELnqkY4A==
  dependencies:
    eventsource-parser "^0.0.5"
    gpt-3-encoder "^1.1.4"
    keyv "^4.5.2"
    p-timeout "^6.0.0"
    quick-lru "^6.1.1"
    uuid "^9.0.0"

eventsource-parser@^0.0.5:
  version "0.0.5"
  resolved "https://registry.yarnpkg.com/eventsource-parser/-/eventsource-parser-0.0.5.tgz#6041bf765ebced8ac83de9dc78754b7b919b7342"
  integrity sha512-BAq82bC3ZW9fPYYZlofXBOAfbpmDzXIOsj+GOehQwgTUYsQZ6HtHs6zuRtge7Ph8OhS6lNH1kJF8q9dj17RcmA==

gpt-3-encoder@^1.1.4:
  version "1.1.4"
  resolved "https://registry.yarnpkg.com/gpt-3-encoder/-/gpt-3-encoder-1.1.4.tgz#d6cdaacf5824857e133b6065247c757fc7e4fa72"
  integrity sha512-fSQRePV+HUAhCn7+7HL7lNIXNm6eaFWFbNLOOGtmSJ0qJycyQvj60OvRlH7mee8xAMjBDNRdMXlMwjAbMTDjkg==

json-buffer@3.0.1:
  version "3.0.1"
  resolved "https://registry.yarnpkg.com/json-buffer/-/json-buffer-3.0.1.tgz#9338802a30d3b6605fbe0613e094008ca8c05a13"
  integrity sha512-4bV5BfR2mqfQTJm+V5tPPdf+ZpuhiIvTuAB5g8kcrXOZpTT/QwwVRWBywX1ozr6lEuPdbHxwaJlm9G6mI2sfSQ==

keyv@^4.5.2:
  version "4.5.2"
  resolved "https://registry.yarnpkg.com/keyv/-/keyv-4.5.2.tgz#0e310ce73bf7851ec702f2eaf46ec4e3805cce56"
  integrity sha512-5MHbFaKn8cNSmVW7BYnijeAVlE4cYA/SVkifVgrh7yotnfhKmjuXpDKjrABLnT0SfHWV21P8ow07OGfRrNDg8g==
  dependencies:
    json-buffer "3.0.1"

p-timeout@^6.0.0:
  version "6.1.1"
  resolved "https://registry.yarnpkg.com/p-timeout/-/p-timeout-6.1.1.tgz#bcee5e37d730f5474d973b6ff226751a1a5e6ff1"
  integrity sha512-yqz2Wi4fiFRpMmK0L2pGAU49naSUaP23fFIQL2Y6YT+qDGPoFwpvgQM/wzc6F8JoenUkIlAFa4Ql7NguXBxI7w==

quick-lru@^6.1.1:
  version "6.1.1"
  resolved "https://registry.yarnpkg.com/quick-lru/-/quick-lru-6.1.1.tgz#f8e5bf9010376c126c80c1a62827a526c0e60adf"
  integrity sha512-S27GBT+F0NTRiehtbrgaSE1idUAJ5bX8dPAQTdylEyNlrdcH5X4Lz7Edz3DYzecbsCluD5zO8ZNEe04z3D3u6Q==

uuid@^9.0.0:
  version "9.0.0"
  resolved "https://registry.yarnpkg.com/uuid/-/uuid-9.0.0.tgz#592f550650024a38ceb0c562f2f6aa435761efb5"
  integrity sha512-MXcSTerfPa4uqyzStbRoTgt5XIe3x5+42+q1sDuy3R5MDk66URdLMOZe5aPX/SQd+kuYAh0FdP/pO28IkQyTeg==
